// !$*UTF8*$!
{
	archiveVersion = 1;
	classes = {
	};
	objectVersion = 46;
	objects = {

/* Begin PBXBuildFile section */
		C4D3DFC41B9A2E7B008B5C4D /* main.m in Sources */ = {isa = PBXBuildFile; fileRef = C4D3DFC31B9A2E7B008B5C4D /* main.m */; };
		C4D3DFC71B9A2E7B008B5C4D /* AppDelegate.m in Sources */ = {isa = PBXBuildFile; fileRef = C4D3DFC61B9A2E7B008B5C4D /* AppDelegate.m */; };
		C4D3DFCA1B9A2E7B008B5C4D /* ViewController.m in Sources */ = {isa = PBXBuildFile; fileRef = C4D3DFC91B9A2E7B008B5C4D /* ViewController.m */; };
		C4D3DFCD1B9A2E7B008B5C4D /* Main.storyboard in Resources */ = {isa = PBXBuildFile; fileRef = C4D3DFCB1B9A2E7B008B5C4D /* Main.storyboard */; };
		C4D3DFCF1B9A2E7B008B5C4D /* Images.xcassets in Resources */ = {isa = PBXBuildFile; fileRef = C4D3DFCE1B9A2E7B008B5C4D /* Images.xcassets */; };
		C4D3DFD21B9A2E7B008B5C4D /* LaunchScreen.xib in Resources */ = {isa = PBXBuildFile; fileRef = C4D3DFD01B9A2E7B008B5C4D /* LaunchScreen.xib */; };
		C4D3DFDE1B9A2E7B008B5C4D /* gameTests.m in Sources */ = {isa = PBXBuildFile; fileRef = C4D3DFDD1B9A2E7B008B5C4D /* gameTests.m */; };
		C4D3DFE91B9A2FEC008B5C4D /* jackpotViewController.m in Sources */ = {isa = PBXBuildFile; fileRef = C4D3DFE81B9A2FEC008B5C4D /* jackpotViewController.m */; };
		C4D3DFEC1B9A3000008B5C4D /* fortuneCookiesViewController.m in Sources */ = {isa = PBXBuildFile; fileRef = C4D3DFEB1B9A3000008B5C4D /* fortuneCookiesViewController.m */; };
/* End PBXBuildFile section */

/* Begin PBXContainerItemProxy section */
		C4D3DFD81B9A2E7B008B5C4D /* PBXContainerItemProxy */ = {
			isa = PBXContainerItemProxy;
			containerPortal = C4D3DFB61B9A2E7B008B5C4D /* Project object */;
			proxyType = 1;
			remoteGlobalIDString = C4D3DFBD1B9A2E7B008B5C4D;
			remoteInfo = game;
		};
/* End PBXContainerItemProxy section */

/* Begin PBXFileReference section */
		C4D3DFBE1B9A2E7B008B5C4D /* game.app */ = {isa = PBXFileReference; explicitFileType = wrapper.application; includeInIndex = 0; path = game.app; sourceTree = BUILT_PRODUCTS_DIR; };
		C4D3DFC21B9A2E7B008B5C4D /* Info.plist */ = {isa = PBXFileReference; lastKnownFileType = text.plist.xml; path = Info.plist; sourceTree = "<group>"; };
		C4D3DFC31B9A2E7B008B5C4D /* main.m */ = {isa = PBXFileReference; lastKnownFileType = sourcecode.c.objc; path = main.m; sourceTree = "<group>"; };
		C4D3DFC51B9A2E7B008B5C4D /* AppDelegate.h */ = {isa = PBXFileReference; lastKnownFileType = sourcecode.c.h; path = AppDelegate.h; sourceTree = "<group>"; };
		C4D3DFC61B9A2E7B008B5C4D /* AppDelegate.m */ = {isa = PBXFileReference; lastKnownFileType = sourcecode.c.objc; path = AppDelegate.m; sourceTree = "<group>"; };
		C4D3DFC81B9A2E7B008B5C4D /* ViewController.h */ = {isa = PBXFileReference; lastKnownFileType = sourcecode.c.h; path = ViewController.h; sourceTree = "<group>"; };
		C4D3DFC91B9A2E7B008B5C4D /* ViewController.m */ = {isa = PBXFileReference; lastKnownFileType = sourcecode.c.objc; path = ViewController.m; sourceTree = "<group>"; };
		C4D3DFCC1B9A2E7B008B5C4D /* Base */ = {isa = PBXFileReference; lastKnownFileType = file.storyboard; name = Base; path = Base.lproj/Main.storyboard; sourceTree = "<group>"; };
		C4D3DFCE1B9A2E7B008B5C4D /* Images.xcassets */ = {isa = PBXFileReference; lastKnownFileType = folder.assetcatalog; path = Images.xcassets; sourceTree = "<group>"; };
		C4D3DFD11B9A2E7B008B5C4D /* Base */ = {isa = PBXFileReference; lastKnownFileType = file.xib; name = Base; path = Base.lproj/LaunchScreen.xib; sourceTree = "<group>"; };
		C4D3DFD71B9A2E7B008B5C4D /* gameTests.xctest */ = {isa = PBXFileReference; explicitFileType = wrapper.cfbundle; includeInIndex = 0; path = gameTests.xctest; sourceTree = BUILT_PRODUCTS_DIR; };
		C4D3DFDC1B9A2E7B008B5C4D /* Info.plist */ = {isa = PBXFileReference; lastKnownFileType = text.plist.xml; path = Info.plist; sourceTree = "<group>"; };
		C4D3DFDD1B9A2E7B008B5C4D /* gameTests.m */ = {isa = PBXFileReference; lastKnownFileType = sourcecode.c.objc; path = gameTests.m; sourceTree = "<group>"; };
		C4D3DFE71B9A2FEC008B5C4D /* jackpotViewController.h */ = {isa = PBXFileReference; fileEncoding = 4; lastKnownFileType = sourcecode.c.h; path = jackpotViewController.h; sourceTree = "<group>"; };
		C4D3DFE81B9A2FEC008B5C4D /* jackpotViewController.m */ = {isa = PBXFileReference; fileEncoding = 4; lastKnownFileType = sourcecode.c.objc; path = jackpotViewController.m; sourceTree = "<group>"; };
		C4D3DFEA1B9A3000008B5C4D /* fortuneCookiesViewController.h */ = {isa = PBXFileReference; fileEncoding = 4; lastKnownFileType = sourcecode.c.h; path = fortuneCookiesViewController.h; sourceTree = "<group>"; };
		C4D3DFEB1B9A3000008B5C4D /* fortuneCookiesViewController.m */ = {isa = PBXFileReference; fileEncoding = 4; lastKnownFileType = sourcecode.c.objc; path = fortuneCookiesViewController.m; sourceTree = "<group>"; };
/* End PBXFileReference section */

/* Begin PBXFrameworksBuildPhase section */
		C4D3DFBB1B9A2E7B008B5C4D /* Frameworks */ = {
			isa = PBXFrameworksBuildPhase;
			buildActionMask = 2147483647;
			files = (
			);
			runOnlyForDeploymentPostprocessing = 0;
		};
		C4D3DFD41B9A2E7B008B5C4D /* Frameworks */ = {
			isa = PBXFrameworksBuildPhase;
			buildActionMask = 2147483647;
			files = (
			);
			runOnlyForDeploymentPostprocessing = 0;
		};
/* End PBXFrameworksBuildPhase section */

/* Begin PBXGroup section */
		C4D3DFB51B9A2E7B008B5C4D = {
			isa = PBXGroup;
			children = (
				C4D3DFC01B9A2E7B008B5C4D /* game */,
				C4D3DFDA1B9A2E7B008B5C4D /* gameTests */,
				C4D3DFBF1B9A2E7B008B5C4D /* Products */,
			);
			sourceTree = "<group>";
		};
		C4D3DFBF1B9A2E7B008B5C4D /* Products */ = {
			isa = PBXGroup;
			children = (
				C4D3DFBE1B9A2E7B008B5C4D /* game.app */,
				C4D3DFD71B9A2E7B008B5C4D /* gameTests.xctest */,
			);
			name = Products;
			sourceTree = "<group>";
		};
		C4D3DFC01B9A2E7B008B5C4D /* game */ = {
			isa = PBXGroup;
			children = (
				C4D3DFC51B9A2E7B008B5C4D /* AppDelegate.h */,
				C4D3DFC61B9A2E7B008B5C4D /* AppDelegate.m */,
				C4D3DFC81B9A2E7B008B5C4D /* ViewController.h */,
				C4D3DFC91B9A2E7B008B5C4D /* ViewController.m */,
				C4D3DFCB1B9A2E7B008B5C4D /* Main.storyboard */,
				C4D3DFE71B9A2FEC008B5C4D /* jackpotViewController.h */,
				C4D3DFE81B9A2FEC008B5C4D /* jackpotViewController.m */,
				C4D3DFEA1B9A3000008B5C4D /* fortuneCookiesViewController.h */,
				C4D3DFEB1B9A3000008B5C4D /* fortuneCookiesViewController.m */,
				C4D3DFCE1B9A2E7B008B5C4D /* Images.xcassets */,
				C4D3DFD01B9A2E7B008B5C4D /* LaunchScreen.xib */,
				C4D3DFC11B9A2E7B008B5C4D /* Supporting Files */,
			);
			path = game;
			sourceTree = "<group>";
		};
		C4D3DFC11B9A2E7B008B5C4D /* Supporting Files */ = {
			isa = PBXGroup;
			children = (
				C4D3DFC21B9A2E7B008B5C4D /* Info.plist */,
				C4D3DFC31B9A2E7B008B5C4D /* main.m */,
			);
			name = "Supporting Files";
			sourceTree = "<group>";
		};
		C4D3DFDA1B9A2E7B008B5C4D /* gameTests */ = {
			isa = PBXGroup;
			children = (
				C4D3DFDD1B9A2E7B008B5C4D /* gameTests.m */,
				C4D3DFDB1B9A2E7B008B5C4D /* Supporting Files */,
			);
			path = gameTests;
			sourceTree = "<group>";
		};
		C4D3DFDB1B9A2E7B008B5C4D /* Supporting Files */ = {
			isa = PBXGroup;
			children = (
				C4D3DFDC1B9A2E7B008B5C4D /* Info.plist */,
			);
			name = "Supporting Files";
			sourceTree = "<group>";
		};
/* End PBXGroup section */

/* Begin PBXNativeTarget section */
		C4D3DFBD1B9A2E7B008B5C4D /* game */ = {
			isa = PBXNativeTarget;
			buildConfigurationList = C4D3DFE11B9A2E7B008B5C4D /* Build configuration list for PBXNativeTarget "game" */;
			buildPhases = (
				C4D3DFBA1B9A2E7B008B5C4D /* Sources */,
				C4D3DFBB1B9A2E7B008B5C4D /* Frameworks */,
				C4D3DFBC1B9A2E7B008B5C4D /* Resources */,
			);
			buildRules = (
			);
			dependencies = (
			);
			name = game;
			productName = game;
			productReference = C4D3DFBE1B9A2E7B008B5C4D /* game.app */;
			productType = "com.apple.product-type.application";
		};
		C4D3DFD61B9A2E7B008B5C4D /* gameTests */ = {
			isa = PBXNativeTarget;
			buildConfigurationList = C4D3DFE41B9A2E7B008B5C4D /* Build configuration list for PBXNativeTarget "gameTests" */;
			buildPhases = (
				C4D3DFD31B9A2E7B008B5C4D /* Sources */,
				C4D3DFD41B9A2E7B008B5C4D /* Frameworks */,
				C4D3DFD51B9A2E7B008B5C4D /* Resources */,
			);
			buildRules = (
			);
			dependencies = (
				C4D3DFD91B9A2E7B008B5C4D /* PBXTargetDependency */,
			);
			name = gameTests;
			productName = gameTests;
			productReference = C4D3DFD71B9A2E7B008B5C4D /* gameTests.xctest */;
			productType = "com.apple.product-type.bundle.unit-test";
		};
/* End PBXNativeTarget section */

/* Begin PBXProject section */
		C4D3DFB61B9A2E7B008B5C4D /* Project object */ = {
			isa = PBXProject;
			attributes = {
				LastUpgradeCheck = 0600;
				ORGANIZATIONNAME = Nazreen;
				TargetAttributes = {
					C4D3DFBD1B9A2E7B008B5C4D = {
						CreatedOnToolsVersion = 6.0.1;
					};
					C4D3DFD61B9A2E7B008B5C4D = {
						CreatedOnToolsVersion = 6.0.1;
						TestTargetID = C4D3DFBD1B9A2E7B008B5C4D;
					};
				};
			};
			buildConfigurationList = C4D3DFB91B9A2E7B008B5C4D /* Build configuration list for PBXProject "game" */;
			compatibilityVersion = "Xcode 3.2";
			developmentRegion = English;
			hasScannedForEncodings = 0;
			knownRegions = (
				en,
				Base,
			);
			mainGroup = C4D3DFB51B9A2E7B008B5C4D;
			productRefGroup = C4D3DFBF1B9A2E7B008B5C4D /* Products */;
			projectDirPath = "";
			projectRoot = "";
			targets = (
				C4D3DFBD1B9A2E7B008B5C4D /* game */,
				C4D3DFD61B9A2E7B008B5C4D /* gameTests */,
			);
		};
/* End PBXProject section */

/* Begin PBXResourcesBuildPhase section */
		C4D3DFBC1B9A2E7B008B5C4D /* Resources */ = {
			isa = PBXResourcesBuildPhase;
			buildActionMask = 2147483647;
			files = (
				C4D3DFCD1B9A2E7B008B5C4D /* Main.storyboard in Resources */,
				C4D3DFD21B9A2E7B008B5C4D /* LaunchScreen.xib in Resources */,
				C4D3DFCF1B9A2E7B008B5C4D /* Images.xcassets in Resources */,
			);
			runOnlyForDeploymentPostprocessing = 0;
		};
		C4D3DFD51B9A2E7B008B5C4D /* Resources */ = {
			isa = PBXResourcesBuildPhase;
			buildActionMask = 2147483647;
			files = (
			);
			runOnlyForDeploymentPostprocessing = 0;
		};
/* End PBXResourcesBuildPhase section */

/* Begin PBXSourcesBuildPhase section */
		C4D3DFBA1B9A2E7B008B5C4D /* Sources */ = {
			isa = PBXSourcesBuildPhase;
			buildActionMask = 2147483647;
			files = (
				C4D3DFCA1B9A2E7B008B5C4D /* ViewController.m in Sources */,
				C4D3DFE91B9A2FEC008B5C4D /* jackpotViewController.m in Sources */,
				C4D3DFC71B9A2E7B008B5C4D /* AppDelegate.m in Sources */,
				C4D3DFEC1B9A3000008B5C4D /* fortuneCookiesViewController.m in Sources */,
				C4D3DFC41B9A2E7B008B5C4D /* main.m in Sources */,
			);
			runOnlyForDeploymentPostprocessing = 0;
		};
		C4D3DFD31B9A2E7B008B5C4D /* Sources */ = {
			isa = PBXSourcesBuildPhase;
			buildActionMask = 2147483647;
			files = (
				C4D3DFDE1B9A2E7B008B5C4D /* gameTests.m in Sources */,
			);
			runOnlyForDeploymentPostprocessing = 0;
		};
/* End PBXSourcesBuildPhase section */

/* Begin PBXTargetDependency section */
		C4D3DFD91B9A2E7B008B5C4D /* PBXTargetDependency */ = {
			isa = PBXTargetDependency;
			target = C4D3DFBD1B9A2E7B008B5C4D /* game */;
			targetProxy = C4D3DFD81B9A2E7B008B5C4D /* PBXContainerItemProxy */;
		};
/* End PBXTargetDependency section */

/* Begin PBXVariantGroup section */
		C4D3DFCB1B9A2E7B008B5C4D /* Main.storyboard */ = {
			isa = PBXVariantGroup;
			children = (
				C4D3DFCC1B9A2E7B008B5C4D /* Base */,
			);
			name = Main.storyboard;
			sourceTree = "<group>";
		};
		C4D3DFD01B9A2E7B008B5C4D /* LaunchScreen.xib */ = {
			isa = PBXVariantGroup;
			children = (
				C4D3DFD11B9A2E7B008B5C4D /* Base */,
			);
			name = LaunchScreen.xib;
			sourceTree = "<group>";
		};
/* End PBXVariantGroup section */

/* Begin XCBuildConfiguration section */
		C4D3DFDF1B9A2E7B008B5C4D /* Debug */ = {
			isa = XCBuildConfiguration;
			buildSettings = {
				ALWAYS_SEARCH_USER_PATHS = NO;
				CLANG_CXX_LANGUAGE_STANDARD = "gnu++0x";
				CLANG_CXX_LIBRARY = "libc++";
				CLANG_ENABLE_MODULES = YES;
				CLANG_ENABLE_OBJC_ARC = YES;
				CLANG_WARN_BOOL_CONVERSION = YES;
				CLANG_WARN_CONSTANT_CONVERSION = YES;
				CLANG_WARN_DIRECT_OBJC_ISA_USAGE = YES_ERROR;
				CLANG_WARN_EMPTY_BODY = YES;
				CLANG_WARN_ENUM_CONVERSION = YES;
				CLANG_WARN_INT_CONVERSION = YES;
				CLANG_WARN_OBJC_ROOT_CLASS = YES_ERROR;
				CLANG_WARN_UNREACHABLE_CODE = YES;
				CLANG_WARN__DUPLICATE_METHOD_MATCH = YES;
				"CODE_SIGN_IDENTITY[sdk=iphoneos*]" = "iPhone Developer";
				COPY_PHASE_STRIP = NO;
				ENABLE_STRICT_OBJC_MSGSEND = YES;
				GCC_C_LANGUAGE_STANDARD = gnu99;
				GCC_DYNAMIC_NO_PIC = NO;
				GCC_OPTIMIZATION_LEVEL = 0;
				GCC_PREPROCESSOR_DEFINITIONS = (
					"DEBUG=1",
					"$(inherited)",
				);
				GCC_SYMBOLS_PRIVATE_EXTERN = NO;
				GCC_WARN_64_TO_32_BIT_CONVERSION = YES;
				GCC_WARN_ABOUT_RETURN_TYPE = YES_ERROR;
				GCC_WARN_UNDECLARED_SELECTOR = YES;
				GCC_WARN_UNINITIALIZED_AUTOS = YES_AGGRESSIVE;
				GCC_WARN_UNUSED_FUNCTION = YES;
				GCC_WARN_UNUSED_VARIABLE = YES;
				IPHONEOS_DEPLOYMENT_TARGET = 8.0;
				MTL_ENABLE_DEBUG_INFO = YES;
				ONLY_ACTIVE_ARCH = YES;
				SDKROOT = iphoneos;
			};
			name = Debug;
		};
		C4D3DFE01B9A2E7B008B5C4D /* Release */ = {
			isa = XCBuildConfiguration;
			buildSettings = {
				ALWAYS_SEARCH_USER_PATHS = NO;
				CLANG_CXX_LANGUAGE_STANDARD = "gnu++0x";
				CLANG_CXX_LIBRARY = "libc++";
				CLANG_ENABLE_MODULES = YES;
				CLANG_ENABLE_OBJC_ARC = YES;
				CLANG_WARN_BOOL_CONVERSION = YES;
				CLANG_WARN_CONSTANT_CONVERSION = YES;
				CLANG_WARN_DIRECT_OBJC_ISA_USAGE = YES_ERROR;
				CLANG_WARN_EMPTY_BODY = YES;
				CLANG_WARN_ENUM_CONVERSION = YES;
				CLANG_WARN_INT_CONVERSION = YES;
				CLANG_WARN_OBJC_ROOT_CLASS = YES_ERROR;
				CLANG_WARN_UNREACHABLE_CODE = YES;
				CLANG_WARN__DUPLICATE_METHOD_MATCH = YES;
				"CODE_SIGN_IDENTITY[sdk=iphoneos*]" = "iPhone Developer";
				COPY_PHASE_STRIP = YES;
				ENABLE_NS_ASSERTIONS = NO;
				ENABLE_STRICT_OBJC_MSGSEND = YES;
				GCC_C_LANGUAGE_STANDARD = gnu99;
				GCC_WARN_64_TO_32_BIT_CONVERSION = YES;
				GCC_WARN_ABOUT_RETURN_TYPE = YES_ERROR;
				GCC_WARN_UNDECLARED_SELECTOR = YES;
				GCC_WARN_UNINITIALIZED_AUTOS = YES_AGGRESSIVE;
				GCC_WARN_UNUSED_FUNCTION = YES;
				GCC_WARN_UNUSED_VARIABLE = YES;
				IPHONEOS_DEPLOYMENT_TARGET = 8.0;
				MTL_ENABLE_DEBUG_INFO = NO;
				SDKROOT = iphoneos;
				VALIDATE_PRODUCT = YES;
			};
			name = Release;
		};
		C4D3DFE21B9A2E7B008B5C4D /* Debug */ = {
			isa = XCBuildConfiguration;
			buildSettings = {
				ASSETCATALOG_COMPILER_APPICON_NAME = AppIcon;
				INFOPLIST_FILE = game/Info.plist;
				LD_RUNPATH_SEARCH_PATHS = "$(inherited) @executable_path/Frameworks";
				PRODUCT_NAME = "$(TARGET_NAME)";
			};
			name = Debug;
		};
		C4D3DFE31B9A2E7B008B5C4D /* Release */ = {
			isa = XCBuildConfiguration;
			buildSettings = {
				ASSETCATALOG_COMPILER_APPICON_NAME = AppIcon;
				INFOPLIST_FILE = game/Info.plist;
				LD_RUNPATH_SEARCH_PATHS = "$(inherited) @executable_path/Frameworks";
				PRODUCT_NAME = "$(TARGET_NAME)";
			};
			name = Release;
		};
		C4D3DFE51B9A2E7B008B5C4D /* Debug */ = {
			isa = XCBuildConfiguration;
			buildSettings = {
				BUNDLE_LOADER = "$(TEST_HOST)";
				FRAMEWORK_SEARCH_PATHS = (
					"$(SDKROOT)/Developer/Library/Frameworks",
					"$(inherited)",
				);
				GCC_PREPROCESSOR_DEFINITIONS = (
					"DEBUG=1",
					"$(inherited)",
				);
				INFOPLIST_FILE = gameTests/Info.plist;
				LD_RUNPATH_SEARCH_PATHS = "$(inherited) @executable_path/Frameworks @loader_path/Frameworks";
				PRODUCT_NAME = "$(TARGET_NAME)";
				TEST_HOST = "$(BUILT_PRODUCTS_DIR)/game.app/game";
			};
			name = Debug;
		};
		C4D3DFE61B9A2E7B008B5C4D /* Release */ = {
			isa = XCBuildConfiguration;
			buildSettings = {
				BUNDLE_LOADER = "$(TEST_HOST)";
				FRAMEWORK_SEARCH_PATHS = (
					"$(SDKROOT)/Developer/Library/Frameworks",
					"$(inherited)",
				);
				INFOPLIST_FILE = gameTests/Info.plist;
				LD_RUNPATH_SEARCH_PATHS = "$(inherited) @executable_path/Frameworks @loader_path/Frameworks";
				PRODUCT_NAME = "$(TARGET_NAME)";
				TEST_HOST = "$(BUILT_PRODUCTS_DIR)/game.app/game";
			};
			name = Release;
		};
/* End XCBuildConfiguration section */

/* Begin XCConfigurationList section */
		C4D3DFB91B9A2E7B008B5C4D /* Build configuration list for PBXProject "game" */ = {
			isa = XCConfigurationList;
			buildConfigurations = (
				C4D3DFDF1B9A2E7B008B5C4D /* Debug */,
				C4D3DFE01B9A2E7B008B5C4D /* Release */,
			);
			defaultConfigurationIsVisible = 0;
			defaultConfigurationName = Release;
		};
		C4D3DFE11B9A2E7B008B5C4D /* Build configuration list for PBXNativeTarget "game" */ = {
			isa = XCConfigurationList;
			buildConfigurations = (
				C4D3DFE21B9A2E7B008B5C4D /* Debug */,
				C4D3DFE31B9A2E7B008B5C4D /* Release */,
			);
			defaultConfigurationIsVisible = 0;
		};
		C4D3DFE41B9A2E7B008B5C4D /* Build configuration list for PBXNativeTarget "gameTests" */ = {
			isa = XCConfigurationList;
			buildConfigurations = (
				C4D3DFE51B9A2E7B008B5C4D /* Debug */,
				C4D3DFE61B9A2E7B008B5C4D /* Release */,
			);
			defaultConfigurationIsVisible = 0;
		};
/* End XCConfigurationList section */
	};
	rootObject = C4D3DFB61B9A2E7B008B5C4D /* Project object */;
}
